<?xml version="1.0" encoding="utf-8"?>
<Project ToolsVersion="4.0" xmlns="http://schemas.microsoft.com/developer/msbuild/2003">
  <ItemGroup>
    <Filter Include="Source Files">
      <UniqueIdentifier>{4FC737F1-C7A5-4376-A066-2A32D752A2FF}</UniqueIdentifier>
      <Extensions>cpp;cxx;c;def</Extensions>
    </Filter>
    <Filter Include="Header Files">
      <UniqueIdentifier>{93995380-89BD-4b04-88EB-625FBE52EBFB}</UniqueIdentifier>
      <Extensions>h</Extensions>
    </Filter>
    <Filter Include="Form Files">
      <UniqueIdentifier>{99349809-55BA-4b9d-BF79-8FDBB0286EB3}</UniqueIdentifier>
      <Extensions>ui</Extensions>
    </Filter>
    <Filter Include="Resource Files">
      <UniqueIdentifier>{D9D6E242-F8AF-46E4-B9FD-80ECBC20BA3E}</UniqueIdentifier>
      <Extensions>qrc;*</Extensions>
      <ParseFiles>false</ParseFiles>
    </Filter>
    <Filter Include="Generated Files">
      <UniqueIdentifier>{71ED8ED8-ACB9-4CE9-BBE1-E00B30144E11}</UniqueIdentifier>
      <Extensions>moc;h;cpp</Extensions>
      <SourceControlFiles>False</SourceControlFiles>
    </Filter>
    <Filter Include="Generated Files\Debug">
      <UniqueIdentifier>{fd3132db-3a9d-45c3-9621-79d0a45e3764}</UniqueIdentifier>
      <Extensions>cpp;moc</Extensions>
      <SourceControlFiles>False</SourceControlFiles>
    </Filter>
    <Filter Include="Generated Files\Release">
      <UniqueIdentifier>{34fe3723-d74b-4639-87cb-047453050917}</UniqueIdentifier>
      <Extensions>cpp;moc</Extensions>
      <SourceControlFiles>False</SourceControlFiles>
    </Filter>
  </ItemGroup>
  <ItemGroup>
    <ClCompile Include="ccStdPluginInterface.cpp">
      <Filter>Source Files</Filter>
    </ClCompile>
    <ClCompile Include="GeneratedFiles\Debug\moc_qOpenNDTPlugin.cpp">
      <Filter>Generated Files\Debug</Filter>
    </ClCompile>
    <ClCompile Include="GeneratedFiles\Release\moc_qOpenNDTPlugin.cpp">
      <Filter>Generated Files\Release</Filter>
    </ClCompile>
    <ClCompile Include="qOpenNDTPlugin.cpp">
      <Filter>Source Files</Filter>
    </ClCompile>
    <ClCompile Include="GeneratedFiles\qrc_qOpenNDTPlugin.cpp">
      <Filter>Generated Files</Filter>
    </ClCompile>
    <ClCompile Include="AxOpenNDTPlugin.cpp">
      <Filter>Source Files</Filter>
    </ClCompile>
    <ClCompile Include="DgmOctreeNDT.cpp">
      <Filter>Source Files</Filter>
    </ClCompile>
    <ClCompile Include="DgmOctreeNDTReferenceCloud.cpp">
      <Filter>Source Files</Filter>
    </ClCompile>
    <ClCompile Include="ndtRansacHybridEx.cpp">
      <Filter>Source Files</Filter>
    </ClCompile>
    <ClCompile Include="planefit.cpp">
      <Filter>Source Files</Filter>
    </ClCompile>
    <ClCompile Include="ccNDTRansacSDDlg.cpp">
      <Filter>Source Files</Filter>
    </ClCompile>
    <ClCompile Include="GeneratedFiles\Debug\moc_ccNDTRansacSDDlg.cpp">
      <Filter>Generated Files\Debug</Filter>
    </ClCompile>
    <ClCompile Include="GeneratedFiles\Release\moc_ccNDTRansacSDDlg.cpp">
      <Filter>Generated Files\Release</Filter>
    </ClCompile>
  </ItemGroup>
  <ItemGroup>
    <ClInclude Include="ccStdPluginInterface.h">
      <Filter>Header Files</Filter>
    </ClInclude>
    <ClInclude Include="dataUtility.h">
      <Filter>Header Files</Filter>
    </ClInclude>
    <ClInclude Include="AxOpenNDTPlugin.h">
      <Filter>Header Files</Filter>
    </ClInclude>
    <ClInclude Include="AxOpenNDTPlugin_global.h">
      <Filter>Header Files</Filter>
    </ClInclude>
    <ClInclude Include="DgmOctreeNDT.h">
      <Filter>Header Files</Filter>
    </ClInclude>
    <ClInclude Include="DgmOctreeNDTReferenceCloud.h">
      <Filter>Header Files</Filter>
    </ClInclude>
    <ClInclude Include="ndtRansacHybridEx.h">
      <Filter>Header Files</Filter>
    </ClInclude>
    <ClInclude Include="planefit.h">
      <Filter>Header Files</Filter>
    </ClInclude>
    <ClInclude Include="GeneratedFiles\ui_NdtRansacDlg.h">
      <Filter>Generated Files</Filter>
    </ClInclude>
  </ItemGroup>
  <ItemGroup>
    <CustomBuild Include="qOpenNDTPlugin.h">
      <Filter>Header Files</Filter>
    </CustomBuild>
    <CustomBuild Include="qOpenNDTPlugin.qrc">
      <Filter>Resource Files</Filter>
    </CustomBuild>
    <CustomBuild Include="ccNDTRansacSDDlg.h">
      <Filter>Header Files</Filter>
    </CustomBuild>
    <CustomBuild Include="NdtRansacDlg.ui">
      <Filter>Form Files</Filter>
    </CustomBuild>
  </ItemGroup>
  <ItemGroup>
    <Image Include="Resources\icon.png">
      <Filter>Resource Files</Filter>
    </Image>
    <Image Include="Resources\qMleSac.png">
      <Filter>Resource Files</Filter>
    </Image>
    <Image Include="Resources\qMSac.png">
      <Filter>Resource Files</Filter>
    </Image>
    <Image Include="Resources\qNdtcells.png">
      <Filter>Resource Files</Filter>
    </Image>
    <Image Include="Resources\qNdtHybridSac.png">
      <Filter>Resource Files</Filter>
    </Image>
    <Image Include="Resources\qNdtSac.png">
      <Filter>Resource Files</Filter>
    </Image>
    <Image Include="Resources\qNRGS.png">
      <Filter>Resource Files</Filter>
    </Image>
    <Image Include="Resources\qoctNdt.png">
      <Filter>Resource Files</Filter>
    </Image>
    <Image Include="Resources\qRanSac.png">
      <Filter>Resource Files</Filter>
    </Image>
    <Image Include="Resources\qRGS.png">
      <Filter>Resource Files</Filter>
    </Image>
    <Image Include="Resources\Iron.png">
      <Filter>Resource Files</Filter>
    </Image>
  </ItemGroup>
</Project>